
Microsoft Visual Studio Solution File, Format Version 12.00
# Visual Studio Version 17
VisualStudioVersion = 17.5.33516.290
MinimumVisualStudioVersion = 10.0.40219.1
Project("{FAE04EC0-301F-11D3-BF4B-00C04F79EFBC}") = "EasterEggHunt", "EasterEggHunt.csproj", "{244516C9-11E9-428F-AE72-FD07A37EC7E5}"
EndProject
Global
	GlobalSection(SolutionConfigurationPlatforms) = preSolution
		Debug|Any CPU = Debug|Any CPU
		Release|Any CPU = Release|Any CPU
	EndGlobalSection
	GlobalSection(ProjectConfigurationPlatforms) = postSolution
		{244516C9-11E9-428F-AE72-FD07A37EC7E5}.Debug|Any CPU.ActiveCfg = Debug|Any CPU
		{244516C9-11E9-428F-AE72-FD07A37EC7E5}.Debug|Any CPU.Build.0 = Debug|Any CPU
		{244516C9-11E9-428F-AE72-FD07A37EC7E5}.Release|Any CPU.ActiveCfg = Release|Any CPU
		{244516C9-11E9-428F-AE72-FD07A37EC7E5}.Release|Any CPU.Build.0 = Release|Any CPU
	EndGlobalSection
	GlobalSection(SolutionProperties) = preSolution
		HideSolutionNode = FALSE
	EndGlobalSection
	GlobalSection(ExtensibilityGlobals) = postSolution
		SolutionGuid = {EA897396-F949-4A98-B3C6-3367F5EDF63E}
	EndGlobalSection
EndGlobal
